
Microsoft Visual Studio Solution File, Format Version 12.00
# Visual Studio 15
VisualStudioVersion = 15.0.28010.2019
MinimumVisualStudioVersion = 10.0.40219.1
Project("{8BC9CEB8-8B4A-11D0-8D11-00A0C91BC942}") = "LAB 1", "LAB 1\LAB 1.vcxproj", "{E775C9EF-198A-4395-9B0B-A47D68063D9D}"
EndProject
Project("{8BC9CEB8-8B4A-11D0-8D11-00A0C91BC942}") = "LAB 2", "LAB 2\LAB 2.vcxproj", "{E84EFF72-ECAE-4405-B5CE-228B8816849F}"
EndProject
Project("{8BC9CEB8-8B4A-11D0-8D11-00A0C91BC942}") = "LAB 3", "LAB 3\LAB 3.vcxproj", "{82B7017E-E295-4A48-AC6E-5E838EF6C9EE}"
EndProject
Project("{8BC9CEB8-8B4A-11D0-8D11-00A0C91BC942}") = "LAB 4", "LAB 4\LAB 4.vcxproj", "{2504661B-7AED-4336-81F6-E4FA53D87E52}"
EndProject
Project("{8BC9CEB8-8B4A-11D0-8D11-00A0C91BC942}") = "LAB 5", "LAB 5\LAB 5.vcxproj", "{66693E3A-68E0-4105-9752-572DBCF8D79D}"
EndProject
Project("{8BC9CEB8-8B4A-11D0-8D11-00A0C91BC942}") = "LAB 6", "LAB 6\LAB 6.vcxproj", "{360FAC86-329C-40DB-95C9-301A6BA3B812}"
EndProject
Project("{8BC9CEB8-8B4A-11D0-8D11-00A0C91BC942}") = "LAB 7", "LAB 7\LAB 7.vcxproj", "{5C416C64-84E3-4C94-9B2E-B62919C30E88}"
EndProject
Project("{8BC9CEB8-8B4A-11D0-8D11-00A0C91BC942}") = "LAB 8", "LAB 8\LAB 8.vcxproj", "{34942734-B0FF-43E5-9813-EFE33CB7B5A4}"
EndProject
Project("{8BC9CEB8-8B4A-11D0-8D11-00A0C91BC942}") = "LAB 9", "LAB 9\LAB 9.vcxproj", "{222FFB1D-AD2B-4DE1-9A82-D3EDD6250FED}"
EndProject
Project("{8BC9CEB8-8B4A-11D0-8D11-00A0C91BC942}") = "LAB 10", "LAB 10\LAB 10.vcxproj", "{ABD4BB14-95F2-4935-8723-628046498B5A}"
EndProject
Global
	GlobalSection(SolutionConfigurationPlatforms) = preSolution
		Debug|x64 = Debug|x64
		Debug|x86 = Debug|x86
		Release|x64 = Release|x64
		Release|x86 = Release|x86
	EndGlobalSection
	GlobalSection(ProjectConfigurationPlatforms) = postSolution
		{E775C9EF-198A-4395-9B0B-A47D68063D9D}.Debug|x64.ActiveCfg = Debug|x64
		{E775C9EF-198A-4395-9B0B-A47D68063D9D}.Debug|x64.Build.0 = Debug|x64
		{E775C9EF-198A-4395-9B0B-A47D68063D9D}.Debug|x86.ActiveCfg = Debug|Win32
		{E775C9EF-198A-4395-9B0B-A47D68063D9D}.Debug|x86.Build.0 = Debug|Win32
		{E775C9EF-198A-4395-9B0B-A47D68063D9D}.Release|x64.ActiveCfg = Release|x64
		{E775C9EF-198A-4395-9B0B-A47D68063D9D}.Release|x64.Build.0 = Release|x64
		{E775C9EF-198A-4395-9B0B-A47D68063D9D}.Release|x86.ActiveCfg = Release|Win32
		{E775C9EF-198A-4395-9B0B-A47D68063D9D}.Release|x86.Build.0 = Release|Win32
		{E84EFF72-ECAE-4405-B5CE-228B8816849F}.Debug|x64.ActiveCfg = Debug|x64
		{E84EFF72-ECAE-4405-B5CE-228B8816849F}.Debug|x64.Build.0 = Debug|x64
		{E84EFF72-ECAE-4405-B5CE-228B8816849F}.Debug|x86.ActiveCfg = Debug|Win32
		{E84EFF72-ECAE-4405-B5CE-228B8816849F}.Debug|x86.Build.0 = Debug|Win32
		{E84EFF72-ECAE-4405-B5CE-228B8816849F}.Release|x64.ActiveCfg = Release|x64
		{E84EFF72-ECAE-4405-B5CE-228B8816849F}.Release|x64.Build.0 = Release|x64
		{E84EFF72-ECAE-4405-B5CE-228B8816849F}.Release|x86.ActiveCfg = Release|Win32
		{E84EFF72-ECAE-4405-B5CE-228B8816849F}.Release|x86.Build.0 = Release|Win32
		{82B7017E-E295-4A48-AC6E-5E838EF6C9EE}.Debug|x64.ActiveCfg = Debug|x64
		{82B7017E-E295-4A48-AC6E-5E838EF6C9EE}.Debug|x64.Build.0 = Debug|x64
		{82B7017E-E295-4A48-AC6E-5E838EF6C9EE}.Debug|x86.ActiveCfg = Debug|Win32
		{82B7017E-E295-4A48-AC6E-5E838EF6C9EE}.Debug|x86.Build.0 = Debug|Win32
		{82B7017E-E295-4A48-AC6E-5E838EF6C9EE}.Release|x64.ActiveCfg = Release|x64
		{82B7017E-E295-4A48-AC6E-5E838EF6C9EE}.Release|x64.Build.0 = Release|x64
		{82B7017E-E295-4A48-AC6E-5E838EF6C9EE}.Release|x86.ActiveCfg = Release|Win32
		{82B7017E-E295-4A48-AC6E-5E838EF6C9EE}.Release|x86.Build.0 = Release|Win32
		{2504661B-7AED-4336-81F6-E4FA53D87E52}.Debug|x64.ActiveCfg = Debug|x64
		{2504661B-7AED-4336-81F6-E4FA53D87E52}.Debug|x64.Build.0 = Debug|x64
		{2504661B-7AED-4336-81F6-E4FA53D87E52}.Debug|x86.ActiveCfg = Debug|Win32
		{2504661B-7AED-4336-81F6-E4FA53D87E52}.Debug|x86.Build.0 = Debug|Win32
		{2504661B-7AED-4336-81F6-E4FA53D87E52}.Release|x64.ActiveCfg = Release|x64
		{2504661B-7AED-4336-81F6-E4FA53D87E52}.Release|x64.Build.0 = Release|x64
		{2504661B-7AED-4336-81F6-E4FA53D87E52}.Release|x86.ActiveCfg = Release|Win32
		{2504661B-7AED-4336-81F6-E4FA53D87E52}.Release|x86.Build.0 = Release|Win32
		{66693E3A-68E0-4105-9752-572DBCF8D79D}.Debug|x64.ActiveCfg = Debug|x64
		{66693E3A-68E0-4105-9752-572DBCF8D79D}.Debug|x64.Build.0 = Debug|x64
		{66693E3A-68E0-4105-9752-572DBCF8D79D}.Debug|x86.ActiveCfg = Debug|Win32
		{66693E3A-68E0-4105-9752-572DBCF8D79D}.Debug|x86.Build.0 = Debug|Win32
		{66693E3A-68E0-4105-9752-572DBCF8D79D}.Release|x64.ActiveCfg = Release|x64
		{66693E3A-68E0-4105-9752-572DBCF8D79D}.Release|x64.Build.0 = Release|x64
		{66693E3A-68E0-4105-9752-572DBCF8D79D}.Release|x86.ActiveCfg = Release|Win32
		{66693E3A-68E0-4105-9752-572DBCF8D79D}.Release|x86.Build.0 = Release|Win32
		{360FAC86-329C-40DB-95C9-301A6BA3B812}.Debug|x64.ActiveCfg = Debug|x64
		{360FAC86-329C-40DB-95C9-301A6BA3B812}.Debug|x64.Build.0 = Debug|x64
		{360FAC86-329C-40DB-95C9-301A6BA3B812}.Debug|x86.ActiveCfg = Debug|Win32
		{360FAC86-329C-40DB-95C9-301A6BA3B812}.Debug|x86.Build.0 = Debug|Win32
		{360FAC86-329C-40DB-95C9-301A6BA3B812}.Release|x64.ActiveCfg = Release|x64
		{360FAC86-329C-40DB-95C9-301A6BA3B812}.Release|x64.Build.0 = Release|x64
		{360FAC86-329C-40DB-95C9-301A6BA3B812}.Release|x86.ActiveCfg = Release|Win32
		{360FAC86-329C-40DB-95C9-301A6BA3B812}.Release|x86.Build.0 = Release|Win32
		{5C416C64-84E3-4C94-9B2E-B62919C30E88}.Debug|x64.ActiveCfg = Debug|x64
		{5C416C64-84E3-4C94-9B2E-B62919C30E88}.Debug|x64.Build.0 = Debug|x64
		{5C416C64-84E3-4C94-9B2E-B62919C30E88}.Debug|x86.ActiveCfg = Debug|Win32
		{5C416C64-84E3-4C94-9B2E-B62919C30E88}.Debug|x86.Build.0 = Debug|Win32
		{5C416C64-84E3-4C94-9B2E-B62919C30E88}.Release|x64.ActiveCfg = Release|x64
		{5C416C64-84E3-4C94-9B2E-B62919C30E88}.Release|x64.Build.0 = Release|x64
		{5C416C64-84E3-4C94-9B2E-B62919C30E88}.Release|x86.ActiveCfg = Release|Win32
		{5C416C64-84E3-4C94-9B2E-B62919C30E88}.Release|x86.Build.0 = Release|Win32
		{34942734-B0FF-43E5-9813-EFE33CB7B5A4}.Debug|x64.ActiveCfg = Debug|x64
		{34942734-B0FF-43E5-9813-EFE33CB7B5A4}.Debug|x64.Build.0 = Debug|x64
		{34942734-B0FF-43E5-9813-EFE33CB7B5A4}.Debug|x86.ActiveCfg = Debug|Win32
		{34942734-B0FF-43E5-9813-EFE33CB7B5A4}.Debug|x86.Build.0 = Debug|Win32
		{34942734-B0FF-43E5-9813-EFE33CB7B5A4}.Release|x64.ActiveCfg = Release|x64
		{34942734-B0FF-43E5-9813-EFE33CB7B5A4}.Release|x64.Build.0 = Release|x64
		{34942734-B0FF-43E5-9813-EFE33CB7B5A4}.Release|x86.ActiveCfg = Release|Win32
		{34942734-B0FF-43E5-9813-EFE33CB7B5A4}.Release|x86.Build.0 = Release|Win32
		{222FFB1D-AD2B-4DE1-9A82-D3EDD6250FED}.Debug|x64.ActiveCfg = Debug|x64
		{222FFB1D-AD2B-4DE1-9A82-D3EDD6250FED}.Debug|x64.Build.0 = Debug|x64
		{222FFB1D-AD2B-4DE1-9A82-D3EDD6250FED}.Debug|x86.ActiveCfg = Debug|Win32
		{222FFB1D-AD2B-4DE1-9A82-D3EDD6250FED}.Debug|x86.Build.0 = Debug|Win32
		{222FFB1D-AD2B-4DE1-9A82-D3EDD6250FED}.Release|x64.ActiveCfg = Release|x64
		{222FFB1D-AD2B-4DE1-9A82-D3EDD6250FED}.Release|x64.Build.0 = Release|x64
		{222FFB1D-AD2B-4DE1-9A82-D3EDD6250FED}.Release|x86.ActiveCfg = Release|Win32
		{222FFB1D-AD2B-4DE1-9A82-D3EDD6250FED}.Release|x86.Build.0 = Release|Win32
		{ABD4BB14-95F2-4935-8723-628046498B5A}.Debug|x64.ActiveCfg = Debug|x64
		{ABD4BB14-95F2-4935-8723-628046498B5A}.Debug|x64.Build.0 = Debug|x64
		{ABD4BB14-95F2-4935-8723-628046498B5A}.Debug|x86.ActiveCfg = Debug|Win32
		{ABD4BB14-95F2-4935-8723-628046498B5A}.Debug|x86.Build.0 = Debug|Win32
		{ABD4BB14-95F2-4935-8723-628046498B5A}.Release|x64.ActiveCfg = Release|x64
		{ABD4BB14-95F2-4935-8723-628046498B5A}.Release|x64.Build.0 = Release|x64
		{ABD4BB14-95F2-4935-8723-628046498B5A}.Release|x86.ActiveCfg = Release|Win32
		{ABD4BB14-95F2-4935-8723-628046498B5A}.Release|x86.Build.0 = Release|Win32
	EndGlobalSection
	GlobalSection(SolutionProperties) = preSolution
		HideSolutionNode = FALSE
	EndGlobalSection
	GlobalSection(ExtensibilityGlobals) = postSolution
		SolutionGuid = {5A792BD0-9F00-47C6-A578-A5E83BB50753}
	EndGlobalSection
EndGlobal
